
Microsoft Visual Studio Solution File, Format Version 12.00
# Visual Studio 15
VisualStudioVersion = 15.0.27130.2020
MinimumVisualStudioVersion = 10.0.40219.1
Project("{FAE04EC0-301F-11D3-BF4B-00C04F79EFBC}") = "Ekz", "Ekz\Ekz.csproj", "{28429910-4D75-402E-98D5-A037C37E407E}"
EndProject
Global
	GlobalSection(SolutionConfigurationPlatforms) = preSolution
		Debug|Any CPU = Debug|Any CPU
		Release|Any CPU = Release|Any CPU
	EndGlobalSection
	GlobalSection(ProjectConfigurationPlatforms) = postSolution
		{28429910-4D75-402E-98D5-A037C37E407E}.Debug|Any CPU.ActiveCfg = Debug|Any CPU
		{28429910-4D75-402E-98D5-A037C37E407E}.Debug|Any CPU.Build.0 = Debug|Any CPU
		{28429910-4D75-402E-98D5-A037C37E407E}.Release|Any CPU.ActiveCfg = Release|Any CPU
		{28429910-4D75-402E-98D5-A037C37E407E}.Release|Any CPU.Build.0 = Release|Any CPU
	EndGlobalSection
	GlobalSection(SolutionProperties) = preSolution
		HideSolutionNode = FALSE
	EndGlobalSection
	GlobalSection(ExtensibilityGlobals) = postSolution
		SolutionGuid = {7AEE1F92-4828-4738-8AB9-AAC7308B4A75}
	EndGlobalSection
EndGlobal
